// !$*UTF8*$!
{
	archiveVersion = 1;
	classes = {
	};
	objectVersion = 56;
	objects = {

/* Begin PBXBuildFile section */
		100000000000000000000001 /* DescentAuthorizedApp.swift in Sources */ = {isa = PBXBuildFile; fileRef = 200000000000000000000001 /* DescentAuthorizedApp.swift */; };
		100000000000000000000002 /* HomeView.swift in Sources */ = {isa = PBXBuildFile; fileRef = 200000000000000000000002 /* HomeView.swift */; };
		100000000000000000000003 /* BattleView.swift in Sources */ = {isa = PBXBuildFile; fileRef = 200000000000000000000003 /* BattleView.swift */; };
		100000000000000000000004 /* GamePhase.swift in Sources */ = {isa = PBXBuildFile; fileRef = 200000000000000000000004 /* GamePhase.swift */; };
		100000000000000000000005 /* Assets.xcassets in Resources */ = {isa = PBXBuildFile; fileRef = 200000000000000000000005 /* Assets.xcassets */; };
		100000000000000000000010 /* DomainModels.swift in Sources */ = {isa = PBXBuildFile; fileRef = 200000000000000000000010 /* DomainModels.swift */; };
		100000000000000000000011 /* SpellCatalog.swift in Sources */ = {isa = PBXBuildFile; fileRef = 200000000000000000000011 /* SpellCatalog.swift */; };
		100000000000000000000012 /* EnemyCatalog.swift in Sources */ = {isa = PBXBuildFile; fileRef = 200000000000000000000012 /* EnemyCatalog.swift */; };
		100000000000000000000013 /* RewardCatalog.swift in Sources */ = {isa = PBXBuildFile; fileRef = 200000000000000000000013 /* RewardCatalog.swift */; };
		100000000000000000000014 /* GlyphGeometry.swift in Sources */ = {isa = PBXBuildFile; fileRef = 200000000000000000000014 /* GlyphGeometry.swift */; };
		100000000000000000000015 /* GlyphEvaluator.swift in Sources */ = {isa = PBXBuildFile; fileRef = 200000000000000000000015 /* GlyphEvaluator.swift */; };
		100000000000000000000016 /* CombatEngine.swift in Sources */ = {isa = PBXBuildFile; fileRef = 200000000000000000000016 /* CombatEngine.swift */; };
		100000000000000000000017 /* EncounterController.swift in Sources */ = {isa = PBXBuildFile; fileRef = 200000000000000000000017 /* EncounterController.swift */; };
		100000000000000000000018 /* GameProgressionController.swift in Sources */ = {isa = PBXBuildFile; fileRef = 200000000000000000000018 /* GameProgressionController.swift */; };
		100000000000000000000019 /* GameSaveStore.swift in Sources */ = {isa = PBXBuildFile; fileRef = 200000000000000000000019 /* GameSaveStore.swift */; };
		100000000000000000000020 /* DemoGameSession.swift in Sources */ = {isa = PBXBuildFile; fileRef = 200000000000000000000020 /* DemoGameSession.swift */; };
		100000000000000000000021 /* InputSettingsModels.swift in Sources */ = {isa = PBXBuildFile; fileRef = 200000000000000000000021 /* InputSettingsModels.swift */; };
		100000000000000000000022 /* DrawingInputPolicy.swift in Sources */ = {isa = PBXBuildFile; fileRef = 200000000000000000000022 /* DrawingInputPolicy.swift */; };
		100000000000000000000023 /* GameSettingsStore.swift in Sources */ = {isa = PBXBuildFile; fileRef = 200000000000000000000023 /* GameSettingsStore.swift */; };
		100000000000000000000024 /* StrokeProcessor.swift in Sources */ = {isa = PBXBuildFile; fileRef = 200000000000000000000024 /* StrokeProcessor.swift */; };
/* End PBXBuildFile section */

/* Begin PBXFileReference section */
		200000000000000000000001 /* DescentAuthorizedApp.swift */ = {isa = PBXFileReference; lastKnownFileType = sourcecode.swift; path = DescentAuthorizedApp.swift; sourceTree = "<group>"; };
		200000000000000000000002 /* HomeView.swift */ = {isa = PBXFileReference; lastKnownFileType = sourcecode.swift; path = HomeView.swift; sourceTree = "<group>"; };
		200000000000000000000003 /* BattleView.swift */ = {isa = PBXFileReference; lastKnownFileType = sourcecode.swift; path = BattleView.swift; sourceTree = "<group>"; };
		200000000000000000000004 /* GamePhase.swift */ = {isa = PBXFileReference; lastKnownFileType = sourcecode.swift; path = GamePhase.swift; sourceTree = "<group>"; };
		200000000000000000000005 /* Assets.xcassets */ = {isa = PBXFileReference; lastKnownFileType = folder.assetcatalog; path = Assets.xcassets; sourceTree = "<group>"; };
		200000000000000000000006 /* DescentAuthorized.app */ = {isa = PBXFileReference; explicitFileType = wrapper.application; includeInIndex = 0; path = DescentAuthorized.app; sourceTree = BUILT_PRODUCTS_DIR; };
		200000000000000000000010 /* DomainModels.swift */ = {isa = PBXFileReference; lastKnownFileType = sourcecode.swift; path = DomainModels.swift; sourceTree = "<group>"; };
		200000000000000000000011 /* SpellCatalog.swift */ = {isa = PBXFileReference; lastKnownFileType = sourcecode.swift; path = SpellCatalog.swift; sourceTree = "<group>"; };
		200000000000000000000012 /* EnemyCatalog.swift */ = {isa = PBXFileReference; lastKnownFileType = sourcecode.swift; path = EnemyCatalog.swift; sourceTree = "<group>"; };
		200000000000000000000013 /* RewardCatalog.swift */ = {isa = PBXFileReference; lastKnownFileType = sourcecode.swift; path = RewardCatalog.swift; sourceTree = "<group>"; };
		200000000000000000000014 /* GlyphGeometry.swift */ = {isa = PBXFileReference; lastKnownFileType = sourcecode.swift; path = GlyphGeometry.swift; sourceTree = "<group>"; };
		200000000000000000000015 /* GlyphEvaluator.swift */ = {isa = PBXFileReference; lastKnownFileType = sourcecode.swift; path = GlyphEvaluator.swift; sourceTree = "<group>"; };
		200000000000000000000016 /* CombatEngine.swift */ = {isa = PBXFileReference; lastKnownFileType = sourcecode.swift; path = CombatEngine.swift; sourceTree = "<group>"; };
		200000000000000000000017 /* EncounterController.swift */ = {isa = PBXFileReference; lastKnownFileType = sourcecode.swift; path = EncounterController.swift; sourceTree = "<group>"; };
		200000000000000000000018 /* GameProgressionController.swift */ = {isa = PBXFileReference; lastKnownFileType = sourcecode.swift; path = GameProgressionController.swift; sourceTree = "<group>"; };
		200000000000000000000019 /* GameSaveStore.swift */ = {isa = PBXFileReference; lastKnownFileType = sourcecode.swift; path = GameSaveStore.swift; sourceTree = "<group>"; };
		200000000000000000000020 /* DemoGameSession.swift */ = {isa = PBXFileReference; lastKnownFileType = sourcecode.swift; path = DemoGameSession.swift; sourceTree = "<group>"; };
		200000000000000000000021 /* InputSettingsModels.swift */ = {isa = PBXFileReference; lastKnownFileType = sourcecode.swift; path = InputSettingsModels.swift; sourceTree = "<group>"; };
		200000000000000000000022 /* DrawingInputPolicy.swift */ = {isa = PBXFileReference; lastKnownFileType = sourcecode.swift; path = DrawingInputPolicy.swift; sourceTree = "<group>"; };
		200000000000000000000023 /* GameSettingsStore.swift */ = {isa = PBXFileReference; lastKnownFileType = sourcecode.swift; path = GameSettingsStore.swift; sourceTree = "<group>"; };
		200000000000000000000024 /* StrokeProcessor.swift */ = {isa = PBXFileReference; lastKnownFileType = sourcecode.swift; path = StrokeProcessor.swift; sourceTree = "<group>"; };
/* End PBXFileReference section */

/* Begin PBXFrameworksBuildPhase section */
		300000000000000000000001 /* Frameworks */ = {
			isa = PBXFrameworksBuildPhase;
			buildActionMask = 2147483647;
			files = (
			);
			runOnlyForDeploymentPostprocessing = 0;
		};
/* End PBXFrameworksBuildPhase section */

/* Begin PBXGroup section */
		400000000000000000000001 = {
			isa = PBXGroup;
			children = (
				400000000000000000000002 /* DescentAuthorized */,
				400000000000000000000009 /* Products */,
			);
			sourceTree = "<group>";
		};
		400000000000000000000002 /* DescentAuthorized */ = {
			isa = PBXGroup;
			children = (
				400000000000000000000003 /* App */,
				400000000000000000000004 /* Core */,
				400000000000000000000006 /* Features */,
				400000000000000000000008 /* Resources */,
			);
			path = DescentAuthorized;
			sourceTree = "<group>";
		};
		400000000000000000000003 /* App */ = {
			isa = PBXGroup;
			children = (
				200000000000000000000001 /* DescentAuthorizedApp.swift */,
			);
			path = App;
			sourceTree = "<group>";
		};
		400000000000000000000004 /* Core */ = {
			isa = PBXGroup;
			children = (
				400000000000000000000005 /* Game */,
				40000000000000000000000B /* Domain */,
				40000000000000000000000C /* Content */,
				40000000000000000000000D /* GlyphEngine */,
				40000000000000000000000E /* CombatEngine */,
				40000000000000000000000F /* Progression */,
				400000000000000000000010 /* Persistence */,
			);
			path = Core;
			sourceTree = "<group>";
		};
		400000000000000000000005 /* Game */ = {
			isa = PBXGroup;
			children = (
				200000000000000000000020 /* DemoGameSession.swift */,
				200000000000000000000004 /* GamePhase.swift */,
			);
			path = Game;
			sourceTree = "<group>";
		};
		40000000000000000000000B /* Domain */ = {
			isa = PBXGroup;
			children = (
				200000000000000000000010 /* DomainModels.swift */,
				200000000000000000000021 /* InputSettingsModels.swift */,
			);
			path = Domain;
			sourceTree = "<group>";
		};
		40000000000000000000000C /* Content */ = {
			isa = PBXGroup;
			children = (
				200000000000000000000011 /* SpellCatalog.swift */,
				200000000000000000000012 /* EnemyCatalog.swift */,
				200000000000000000000013 /* RewardCatalog.swift */,
			);
			path = Content;
			sourceTree = "<group>";
		};
		40000000000000000000000D /* GlyphEngine */ = {
			isa = PBXGroup;
			children = (
				200000000000000000000022 /* DrawingInputPolicy.swift */,
				200000000000000000000014 /* GlyphGeometry.swift */,
				200000000000000000000015 /* GlyphEvaluator.swift */,
				200000000000000000000024 /* StrokeProcessor.swift */,
			);
			path = GlyphEngine;
			sourceTree = "<group>";
		};
		40000000000000000000000E /* CombatEngine */ = {
			isa = PBXGroup;
			children = (
				200000000000000000000016 /* CombatEngine.swift */,
				200000000000000000000017 /* EncounterController.swift */,
			);
			path = CombatEngine;
			sourceTree = "<group>";
		};
		40000000000000000000000F /* Progression */ = {
			isa = PBXGroup;
			children = (
				200000000000000000000018 /* GameProgressionController.swift */,
			);
			path = Progression;
			sourceTree = "<group>";
		};
		400000000000000000000010 /* Persistence */ = {
			isa = PBXGroup;
			children = (
				200000000000000000000023 /* GameSettingsStore.swift */,
				200000000000000000000019 /* GameSaveStore.swift */,
			);
			path = Persistence;
			sourceTree = "<group>";
		};
		400000000000000000000006 /* Features */ = {
			isa = PBXGroup;
			children = (
				400000000000000000000007 /* Home */,
				40000000000000000000000A /* Battle */,
			);
			path = Features;
			sourceTree = "<group>";
		};
		400000000000000000000007 /* Home */ = {
			isa = PBXGroup;
			children = (
				200000000000000000000002 /* HomeView.swift */,
			);
			path = Home;
			sourceTree = "<group>";
		};
		40000000000000000000000A /* Battle */ = {
			isa = PBXGroup;
			children = (
				200000000000000000000003 /* BattleView.swift */,
			);
			path = Battle;
			sourceTree = "<group>";
		};
		400000000000000000000008 /* Resources */ = {
			isa = PBXGroup;
			children = (
				200000000000000000000005 /* Assets.xcassets */,
			);
			path = Resources;
			sourceTree = "<group>";
		};
		400000000000000000000009 /* Products */ = {
			isa = PBXGroup;
			children = (
				200000000000000000000006 /* DescentAuthorized.app */,
			);
			name = Products;
			sourceTree = "<group>";
		};
/* End PBXGroup section */

/* Begin PBXNativeTarget section */
		500000000000000000000001 /* DescentAuthorized */ = {
			isa = PBXNativeTarget;
			buildConfigurationList = 900000000000000000000002 /* Build configuration list for PBXNativeTarget "DescentAuthorized" */;
			buildPhases = (
				600000000000000000000001 /* Sources */,
				300000000000000000000001 /* Frameworks */,
				600000000000000000000002 /* Resources */,
			);
			buildRules = (
			);
			dependencies = (
			);
			name = DescentAuthorized;
			productName = DescentAuthorized;
			productReference = 200000000000000000000006 /* DescentAuthorized.app */;
			productType = "com.apple.product-type.application";
		};
/* End PBXNativeTarget section */

/* Begin PBXProject section */
		700000000000000000000001 /* Project object */ = {
			isa = PBXProject;
			attributes = {
				BuildIndependentTargetsInParallel = 1;
				LastSwiftUpdateCheck = 2650;
				LastUpgradeCheck = 2650;
				TargetAttributes = {
					500000000000000000000001 = {
						CreatedOnToolsVersion = 26.5;
					};
				};
			};
			buildConfigurationList = 900000000000000000000001 /* Build configuration list for PBXProject "DescentAuthorized" */;
			compatibilityVersion = "Xcode 14.0";
			developmentRegion = en;
			hasScannedForEncodings = 0;
			knownRegions = (
				en,
				Base,
			);
			mainGroup = 400000000000000000000001;
			productRefGroup = 400000000000000000000009 /* Products */;
			projectDirPath = "";
			projectRoot = "";
			targets = (
				500000000000000000000001 /* DescentAuthorized */,
			);
		};
/* End PBXProject section */

/* Begin PBXResourcesBuildPhase section */
		600000000000000000000002 /* Resources */ = {
			isa = PBXResourcesBuildPhase;
			buildActionMask = 2147483647;
			files = (
				100000000000000000000005 /* Assets.xcassets in Resources */,
			);
			runOnlyForDeploymentPostprocessing = 0;
		};
/* End PBXResourcesBuildPhase section */

/* Begin PBXSourcesBuildPhase section */
		600000000000000000000001 /* Sources */ = {
			isa = PBXSourcesBuildPhase;
			buildActionMask = 2147483647;
			files = (
				100000000000000000000001 /* DescentAuthorizedApp.swift in Sources */,
				100000000000000000000002 /* HomeView.swift in Sources */,
				100000000000000000000003 /* BattleView.swift in Sources */,
				100000000000000000000004 /* GamePhase.swift in Sources */,
				100000000000000000000010 /* DomainModels.swift in Sources */,
				100000000000000000000011 /* SpellCatalog.swift in Sources */,
				100000000000000000000012 /* EnemyCatalog.swift in Sources */,
				100000000000000000000013 /* RewardCatalog.swift in Sources */,
				100000000000000000000014 /* GlyphGeometry.swift in Sources */,
				100000000000000000000015 /* GlyphEvaluator.swift in Sources */,
				100000000000000000000016 /* CombatEngine.swift in Sources */,
				100000000000000000000017 /* EncounterController.swift in Sources */,
				100000000000000000000018 /* GameProgressionController.swift in Sources */,
				100000000000000000000019 /* GameSaveStore.swift in Sources */,
				100000000000000000000020 /* DemoGameSession.swift in Sources */,
				100000000000000000000021 /* InputSettingsModels.swift in Sources */,
				100000000000000000000022 /* DrawingInputPolicy.swift in Sources */,
				100000000000000000000023 /* GameSettingsStore.swift in Sources */,
				100000000000000000000024 /* StrokeProcessor.swift in Sources */,
			);
			runOnlyForDeploymentPostprocessing = 0;
		};
/* End PBXSourcesBuildPhase section */

/* Begin XCBuildConfiguration section */
		800000000000000000000001 /* Debug */ = {
			isa = XCBuildConfiguration;
			buildSettings = {
				ALWAYS_SEARCH_USER_PATHS = NO;
				CLANG_ENABLE_MODULES = YES;
				CLANG_ENABLE_OBJC_ARC = YES;
				COPY_PHASE_STRIP = NO;
				DEBUG_INFORMATION_FORMAT = dwarf;
				ENABLE_TESTABILITY = YES;
				GCC_C_LANGUAGE_STANDARD = gnu17;
				GCC_OPTIMIZATION_LEVEL = 0;
				MTL_ENABLE_DEBUG_INFO = INCLUDE_SOURCE;
				ONLY_ACTIVE_ARCH = YES;
				SDKROOT = iphoneos;
				SWIFT_ACTIVE_COMPILATION_CONDITIONS = "DEBUG $(inherited)";
				SWIFT_OPTIMIZATION_LEVEL = "-Onone";
			};
			name = Debug;
		};
		800000000000000000000002 /* Release */ = {
			isa = XCBuildConfiguration;
			buildSettings = {
				ALWAYS_SEARCH_USER_PATHS = NO;
				CLANG_ENABLE_MODULES = YES;
				CLANG_ENABLE_OBJC_ARC = YES;
				COPY_PHASE_STRIP = NO;
				DEBUG_INFORMATION_FORMAT = "dwarf-with-dsym";
				GCC_C_LANGUAGE_STANDARD = gnu17;
				MTL_ENABLE_DEBUG_INFO = NO;
				SDKROOT = iphoneos;
				SWIFT_COMPILATION_MODE = wholemodule;
			};
			name = Release;
		};
		800000000000000000000003 /* Debug */ = {
			isa = XCBuildConfiguration;
			buildSettings = {
				ASSETCATALOG_COMPILER_GLOBAL_ACCENT_COLOR_NAME = AccentColor;
				CODE_SIGN_STYLE = Automatic;
				CURRENT_PROJECT_VERSION = 1;
				DEVELOPMENT_ASSET_PATHS = "";
				GENERATE_INFOPLIST_FILE = YES;
				INFOPLIST_KEY_CFBundleDisplayName = "하강 승인: 제0균열";
				INFOPLIST_KEY_UIApplicationSceneManifest_Generation = YES;
				INFOPLIST_KEY_UIApplicationSupportsIndirectInputEvents = YES;
				INFOPLIST_KEY_UILaunchScreen_Generation = YES;
				INFOPLIST_KEY_UIRequiresFullScreen = YES;
				IPHONEOS_DEPLOYMENT_TARGET = 18.0;
				MARKETING_VERSION = 0.1.0;
				PRODUCT_BUNDLE_IDENTIFIER = com.wsysangyoung.DescentAuthorized;
				PRODUCT_NAME = "$(TARGET_NAME)";
				SUPPORTED_PLATFORMS = "iphoneos iphonesimulator";
				SUPPORTS_MACCATALYST = NO;
				SWIFT_EMIT_LOC_STRINGS = YES;
				SWIFT_VERSION = 5.0;
				TARGETED_DEVICE_FAMILY = 2;
			};
			name = Debug;
		};
		800000000000000000000004 /* Release */ = {
			isa = XCBuildConfiguration;
			buildSettings = {
				ASSETCATALOG_COMPILER_GLOBAL_ACCENT_COLOR_NAME = AccentColor;
				CODE_SIGN_STYLE = Automatic;
				CURRENT_PROJECT_VERSION = 1;
				DEVELOPMENT_ASSET_PATHS = "";
				GENERATE_INFOPLIST_FILE = YES;
				INFOPLIST_KEY_CFBundleDisplayName = "하강 승인: 제0균열";
				INFOPLIST_KEY_UIApplicationSceneManifest_Generation = YES;
				INFOPLIST_KEY_UIApplicationSupportsIndirectInputEvents = YES;
				INFOPLIST_KEY_UILaunchScreen_Generation = YES;
				INFOPLIST_KEY_UIRequiresFullScreen = YES;
				IPHONEOS_DEPLOYMENT_TARGET = 18.0;
				MARKETING_VERSION = 0.1.0;
				PRODUCT_BUNDLE_IDENTIFIER = com.wsysangyoung.DescentAuthorized;
				PRODUCT_NAME = "$(TARGET_NAME)";
				SUPPORTED_PLATFORMS = "iphoneos iphonesimulator";
				SUPPORTS_MACCATALYST = NO;
				SWIFT_EMIT_LOC_STRINGS = YES;
				SWIFT_VERSION = 5.0;
				TARGETED_DEVICE_FAMILY = 2;
			};
			name = Release;
		};
/* End XCBuildConfiguration section */

/* Begin XCConfigurationList section */
		900000000000000000000001 /* Build configuration list for PBXProject "DescentAuthorized" */ = {
			isa = XCConfigurationList;
			buildConfigurations = (
				800000000000000000000001 /* Debug */,
				800000000000000000000002 /* Release */,
			);
			defaultConfigurationIsVisible = 0;
			defaultConfigurationName = Release;
		};
		900000000000000000000002 /* Build configuration list for PBXNativeTarget "DescentAuthorized" */ = {
			isa = XCConfigurationList;
			buildConfigurations = (
				800000000000000000000003 /* Debug */,
				800000000000000000000004 /* Release */,
			);
			defaultConfigurationIsVisible = 0;
			defaultConfigurationName = Release;
		};
/* End XCConfigurationList section */
	};
	rootObject = 700000000000000000000001 /* Project object */;
}
